
Microsoft Visual Studio Solution File, Format Version 12.00
# Visual Studio Version 16
VisualStudioVersion = 16.0.30114.105
MinimumVisualStudioVersion = 10.0.40219.1
Project("{FAE04EC0-301F-11D3-BF4B-00C04F79EFBC}") = "SkoleIntraKalender", "SkoleIntraKalender\SkoleIntraKalender.csproj", "{975CC93C-FB0C-422B-9C00-36BDDE88C30B}"
EndProject
Project("{FAE04EC0-301F-11D3-BF4B-00C04F79EFBC}") = "SkoleIntraKalender.Tests", "SkoleIntraKalender.Tests\SkoleIntraKalender.Tests.csproj", "{958045D5-87A4-4D98-A115-2F6753845B4A}"
EndProject
Global
	GlobalSection(SolutionConfigurationPlatforms) = preSolution
		Debug|Any CPU = Debug|Any CPU
		Release|Any CPU = Release|Any CPU
	EndGlobalSection
	GlobalSection(SolutionProperties) = preSolution
		HideSolutionNode = FALSE
	EndGlobalSection
	GlobalSection(ProjectConfigurationPlatforms) = postSolution
		{975CC93C-FB0C-422B-9C00-36BDDE88C30B}.Debug|Any CPU.ActiveCfg = Debug|Any CPU
		{975CC93C-FB0C-422B-9C00-36BDDE88C30B}.Debug|Any CPU.Build.0 = Debug|Any CPU
		{975CC93C-FB0C-422B-9C00-36BDDE88C30B}.Release|Any CPU.ActiveCfg = Release|Any CPU
		{975CC93C-FB0C-422B-9C00-36BDDE88C30B}.Release|Any CPU.Build.0 = Release|Any CPU
		{958045D5-87A4-4D98-A115-2F6753845B4A}.Debug|Any CPU.ActiveCfg = Debug|Any CPU
		{958045D5-87A4-4D98-A115-2F6753845B4A}.Debug|Any CPU.Build.0 = Debug|Any CPU
		{958045D5-87A4-4D98-A115-2F6753845B4A}.Release|Any CPU.ActiveCfg = Release|Any CPU
		{958045D5-87A4-4D98-A115-2F6753845B4A}.Release|Any CPU.Build.0 = Release|Any CPU
	EndGlobalSection
EndGlobal
